
Microsoft Visual Studio Solution File, Format Version 12.00
# Visual Studio 15
VisualStudioVersion = 15.0.26730.16
MinimumVisualStudioVersion = 10.0.40219.1
Project("{8BC9CEB8-8B4A-11D0-8D11-00A0C91BC942}") = "Vol_00", "Vol_00\Vol_00.vcxproj", "{D9525416-BB88-41F5-A0B9-FD8B875B9456}"
EndProject
Project("{8BC9CEB8-8B4A-11D0-8D11-00A0C91BC942}") = "Vol_01", "Vol_01\Vol_01.vcxproj", "{65C07226-C099-4515-A490-10AD05DCC7D8}"
EndProject
Project("{8BC9CEB8-8B4A-11D0-8D11-00A0C91BC942}") = "Vol_03", "Vol_03\Vol_03.vcxproj", "{F210DD2C-BED5-46EC-8FAE-D52C5A700F63}"
EndProject
Project("{8BC9CEB8-8B4A-11D0-8D11-00A0C91BC942}") = "Vol_04", "Vol_04\Vol_04.vcxproj", "{0724EE25-907B-44BD-8AED-C164F3872A3D}"
EndProject
Project("{8BC9CEB8-8B4A-11D0-8D11-00A0C91BC942}") = "Vol_05", "Vol_05\Vol_05.vcxproj", "{D5E79B50-BB62-4332-8BDE-A5067082C506}"
EndProject
Project("{8BC9CEB8-8B4A-11D0-8D11-00A0C91BC942}") = "Vol_06", "Vol_06\Vol_06.vcxproj", "{4A3088FB-3038-4352-9E6F-51856345DDC0}"
EndProject
Project("{8BC9CEB8-8B4A-11D0-8D11-00A0C91BC942}") = "Vol_07", "Vol_07\Vol_07.vcxproj", "{65A3454D-0E8E-4B45-A32E-0BCF51B12F91}"
EndProject
Project("{8BC9CEB8-8B4A-11D0-8D11-00A0C91BC942}") = "Vol_08", "Vol_08\Vol_08.vcxproj", "{11CBBC6D-072F-42E5-B1E9-97ED5C838F4A}"
EndProject
Project("{8BC9CEB8-8B4A-11D0-8D11-00A0C91BC942}") = "Vol_09", "Vol_09\Vol_09.vcxproj", "{D0BA0CCC-7C04-4C0F-A01E-8F11DE200031}"
EndProject
Project("{8BC9CEB8-8B4A-11D0-8D11-00A0C91BC942}") = "Vol_10", "Vol_10\Vol_10.vcxproj", "{46D982F5-BA74-44BB-8ACB-DAF8F0BFF7EC}"
EndProject
Project("{8BC9CEB8-8B4A-11D0-8D11-00A0C91BC942}") = "Vol_11", "Vol_11\Vol_11.vcxproj", "{88CA773B-81A9-4666-8D63-CFBF6A92DBC1}"
EndProject
Project("{8BC9CEB8-8B4A-11D0-8D11-00A0C91BC942}") = "Vol_08_FirstHalfTask", "Vol_08_FirstHalfTask\Vol_08_FirstHalfTask.vcxproj", "{96039E0A-3D24-4D79-A5AC-5E783EF637EE}"
EndProject
Project("{8BC9CEB8-8B4A-11D0-8D11-00A0C91BC942}") = "Vol_11_FinalTask", "Vol_11_FinalTask\Vol_11_FinalTask.vcxproj", "{B5621124-EE5D-423A-97DA-2815E2A54220}"
EndProject
Project("{8BC9CEB8-8B4A-11D0-8D11-00A0C91BC942}") = "Vol_02", "Vol_02\Vol_02.vcxproj", "{133E6F12-451C-4984-A308-BF2D4F1A6189}"
EndProject
Global
	GlobalSection(SolutionConfigurationPlatforms) = preSolution
		Debug|x64 = Debug|x64
		Debug|x86 = Debug|x86
		Release|x64 = Release|x64
		Release|x86 = Release|x86
	EndGlobalSection
	GlobalSection(ProjectConfigurationPlatforms) = postSolution
		{D9525416-BB88-41F5-A0B9-FD8B875B9456}.Debug|x64.ActiveCfg = Debug|x64
		{D9525416-BB88-41F5-A0B9-FD8B875B9456}.Debug|x64.Build.0 = Debug|x64
		{D9525416-BB88-41F5-A0B9-FD8B875B9456}.Debug|x86.ActiveCfg = Debug|Win32
		{D9525416-BB88-41F5-A0B9-FD8B875B9456}.Debug|x86.Build.0 = Debug|Win32
		{D9525416-BB88-41F5-A0B9-FD8B875B9456}.Release|x64.ActiveCfg = Release|x64
		{D9525416-BB88-41F5-A0B9-FD8B875B9456}.Release|x64.Build.0 = Release|x64
		{D9525416-BB88-41F5-A0B9-FD8B875B9456}.Release|x86.ActiveCfg = Release|Win32
		{D9525416-BB88-41F5-A0B9-FD8B875B9456}.Release|x86.Build.0 = Release|Win32
		{65C07226-C099-4515-A490-10AD05DCC7D8}.Debug|x64.ActiveCfg = Debug|x64
		{65C07226-C099-4515-A490-10AD05DCC7D8}.Debug|x64.Build.0 = Debug|x64
		{65C07226-C099-4515-A490-10AD05DCC7D8}.Debug|x86.ActiveCfg = Debug|Win32
		{65C07226-C099-4515-A490-10AD05DCC7D8}.Debug|x86.Build.0 = Debug|Win32
		{65C07226-C099-4515-A490-10AD05DCC7D8}.Release|x64.ActiveCfg = Release|x64
		{65C07226-C099-4515-A490-10AD05DCC7D8}.Release|x64.Build.0 = Release|x64
		{65C07226-C099-4515-A490-10AD05DCC7D8}.Release|x86.ActiveCfg = Release|Win32
		{65C07226-C099-4515-A490-10AD05DCC7D8}.Release|x86.Build.0 = Release|Win32
		{F210DD2C-BED5-46EC-8FAE-D52C5A700F63}.Debug|x64.ActiveCfg = Debug|x64
		{F210DD2C-BED5-46EC-8FAE-D52C5A700F63}.Debug|x64.Build.0 = Debug|x64
		{F210DD2C-BED5-46EC-8FAE-D52C5A700F63}.Debug|x86.ActiveCfg = Debug|Win32
		{F210DD2C-BED5-46EC-8FAE-D52C5A700F63}.Debug|x86.Build.0 = Debug|Win32
		{F210DD2C-BED5-46EC-8FAE-D52C5A700F63}.Release|x64.ActiveCfg = Release|x64
		{F210DD2C-BED5-46EC-8FAE-D52C5A700F63}.Release|x64.Build.0 = Release|x64
		{F210DD2C-BED5-46EC-8FAE-D52C5A700F63}.Release|x86.ActiveCfg = Release|Win32
		{F210DD2C-BED5-46EC-8FAE-D52C5A700F63}.Release|x86.Build.0 = Release|Win32
		{0724EE25-907B-44BD-8AED-C164F3872A3D}.Debug|x64.ActiveCfg = Debug|x64
		{0724EE25-907B-44BD-8AED-C164F3872A3D}.Debug|x64.Build.0 = Debug|x64
		{0724EE25-907B-44BD-8AED-C164F3872A3D}.Debug|x86.ActiveCfg = Debug|Win32
		{0724EE25-907B-44BD-8AED-C164F3872A3D}.Debug|x86.Build.0 = Debug|Win32
		{0724EE25-907B-44BD-8AED-C164F3872A3D}.Release|x64.ActiveCfg = Release|x64
		{0724EE25-907B-44BD-8AED-C164F3872A3D}.Release|x64.Build.0 = Release|x64
		{0724EE25-907B-44BD-8AED-C164F3872A3D}.Release|x86.ActiveCfg = Release|Win32
		{0724EE25-907B-44BD-8AED-C164F3872A3D}.Release|x86.Build.0 = Release|Win32
		{D5E79B50-BB62-4332-8BDE-A5067082C506}.Debug|x64.ActiveCfg = Debug|x64
		{D5E79B50-BB62-4332-8BDE-A5067082C506}.Debug|x64.Build.0 = Debug|x64
		{D5E79B50-BB62-4332-8BDE-A5067082C506}.Debug|x86.ActiveCfg = Debug|Win32
		{D5E79B50-BB62-4332-8BDE-A5067082C506}.Debug|x86.Build.0 = Debug|Win32
		{D5E79B50-BB62-4332-8BDE-A5067082C506}.Release|x64.ActiveCfg = Release|x64
		{D5E79B50-BB62-4332-8BDE-A5067082C506}.Release|x64.Build.0 = Release|x64
		{D5E79B50-BB62-4332-8BDE-A5067082C506}.Release|x86.ActiveCfg = Release|Win32
		{D5E79B50-BB62-4332-8BDE-A5067082C506}.Release|x86.Build.0 = Release|Win32
		{4A3088FB-3038-4352-9E6F-51856345DDC0}.Debug|x64.ActiveCfg = Debug|x64
		{4A3088FB-3038-4352-9E6F-51856345DDC0}.Debug|x64.Build.0 = Debug|x64
		{4A3088FB-3038-4352-9E6F-51856345DDC0}.Debug|x86.ActiveCfg = Debug|Win32
		{4A3088FB-3038-4352-9E6F-51856345DDC0}.Debug|x86.Build.0 = Debug|Win32
		{4A3088FB-3038-4352-9E6F-51856345DDC0}.Release|x64.ActiveCfg = Release|x64
		{4A3088FB-3038-4352-9E6F-51856345DDC0}.Release|x64.Build.0 = Release|x64
		{4A3088FB-3038-4352-9E6F-51856345DDC0}.Release|x86.ActiveCfg = Release|Win32
		{4A3088FB-3038-4352-9E6F-51856345DDC0}.Release|x86.Build.0 = Release|Win32
		{65A3454D-0E8E-4B45-A32E-0BCF51B12F91}.Debug|x64.ActiveCfg = Debug|x64
		{65A3454D-0E8E-4B45-A32E-0BCF51B12F91}.Debug|x64.Build.0 = Debug|x64
		{65A3454D-0E8E-4B45-A32E-0BCF51B12F91}.Debug|x86.ActiveCfg = Debug|Win32
		{65A3454D-0E8E-4B45-A32E-0BCF51B12F91}.Debug|x86.Build.0 = Debug|Win32
		{65A3454D-0E8E-4B45-A32E-0BCF51B12F91}.Release|x64.ActiveCfg = Release|x64
		{65A3454D-0E8E-4B45-A32E-0BCF51B12F91}.Release|x64.Build.0 = Release|x64
		{65A3454D-0E8E-4B45-A32E-0BCF51B12F91}.Release|x86.ActiveCfg = Release|Win32
		{65A3454D-0E8E-4B45-A32E-0BCF51B12F91}.Release|x86.Build.0 = Release|Win32
		{11CBBC6D-072F-42E5-B1E9-97ED5C838F4A}.Debug|x64.ActiveCfg = Debug|x64
		{11CBBC6D-072F-42E5-B1E9-97ED5C838F4A}.Debug|x64.Build.0 = Debug|x64
		{11CBBC6D-072F-42E5-B1E9-97ED5C838F4A}.Debug|x86.ActiveCfg = Debug|Win32
		{11CBBC6D-072F-42E5-B1E9-97ED5C838F4A}.Debug|x86.Build.0 = Debug|Win32
		{11CBBC6D-072F-42E5-B1E9-97ED5C838F4A}.Release|x64.ActiveCfg = Release|x64
		{11CBBC6D-072F-42E5-B1E9-97ED5C838F4A}.Release|x64.Build.0 = Release|x64
		{11CBBC6D-072F-42E5-B1E9-97ED5C838F4A}.Release|x86.ActiveCfg = Release|Win32
		{11CBBC6D-072F-42E5-B1E9-97ED5C838F4A}.Release|x86.Build.0 = Release|Win32
		{D0BA0CCC-7C04-4C0F-A01E-8F11DE200031}.Debug|x64.ActiveCfg = Debug|x64
		{D0BA0CCC-7C04-4C0F-A01E-8F11DE200031}.Debug|x64.Build.0 = Debug|x64
		{D0BA0CCC-7C04-4C0F-A01E-8F11DE200031}.Debug|x86.ActiveCfg = Debug|Win32
		{D0BA0CCC-7C04-4C0F-A01E-8F11DE200031}.Debug|x86.Build.0 = Debug|Win32
		{D0BA0CCC-7C04-4C0F-A01E-8F11DE200031}.Release|x64.ActiveCfg = Release|x64
		{D0BA0CCC-7C04-4C0F-A01E-8F11DE200031}.Release|x64.Build.0 = Release|x64
		{D0BA0CCC-7C04-4C0F-A01E-8F11DE200031}.Release|x86.ActiveCfg = Release|Win32
		{D0BA0CCC-7C04-4C0F-A01E-8F11DE200031}.Release|x86.Build.0 = Release|Win32
		{46D982F5-BA74-44BB-8ACB-DAF8F0BFF7EC}.Debug|x64.ActiveCfg = Debug|x64
		{46D982F5-BA74-44BB-8ACB-DAF8F0BFF7EC}.Debug|x64.Build.0 = Debug|x64
		{46D982F5-BA74-44BB-8ACB-DAF8F0BFF7EC}.Debug|x86.ActiveCfg = Debug|Win32
		{46D982F5-BA74-44BB-8ACB-DAF8F0BFF7EC}.Debug|x86.Build.0 = Debug|Win32
		{46D982F5-BA74-44BB-8ACB-DAF8F0BFF7EC}.Release|x64.ActiveCfg = Release|x64
		{46D982F5-BA74-44BB-8ACB-DAF8F0BFF7EC}.Release|x64.Build.0 = Release|x64
		{46D982F5-BA74-44BB-8ACB-DAF8F0BFF7EC}.Release|x86.ActiveCfg = Release|Win32
		{46D982F5-BA74-44BB-8ACB-DAF8F0BFF7EC}.Release|x86.Build.0 = Release|Win32
		{88CA773B-81A9-4666-8D63-CFBF6A92DBC1}.Debug|x64.ActiveCfg = Debug|x64
		{88CA773B-81A9-4666-8D63-CFBF6A92DBC1}.Debug|x64.Build.0 = Debug|x64
		{88CA773B-81A9-4666-8D63-CFBF6A92DBC1}.Debug|x86.ActiveCfg = Debug|Win32
		{88CA773B-81A9-4666-8D63-CFBF6A92DBC1}.Debug|x86.Build.0 = Debug|Win32
		{88CA773B-81A9-4666-8D63-CFBF6A92DBC1}.Release|x64.ActiveCfg = Release|x64
		{88CA773B-81A9-4666-8D63-CFBF6A92DBC1}.Release|x64.Build.0 = Release|x64
		{88CA773B-81A9-4666-8D63-CFBF6A92DBC1}.Release|x86.ActiveCfg = Release|Win32
		{88CA773B-81A9-4666-8D63-CFBF6A92DBC1}.Release|x86.Build.0 = Release|Win32
		{96039E0A-3D24-4D79-A5AC-5E783EF637EE}.Debug|x64.ActiveCfg = Debug|x64
		{96039E0A-3D24-4D79-A5AC-5E783EF637EE}.Debug|x64.Build.0 = Debug|x64
		{96039E0A-3D24-4D79-A5AC-5E783EF637EE}.Debug|x86.ActiveCfg = Debug|Win32
		{96039E0A-3D24-4D79-A5AC-5E783EF637EE}.Debug|x86.Build.0 = Debug|Win32
		{96039E0A-3D24-4D79-A5AC-5E783EF637EE}.Release|x64.ActiveCfg = Release|x64
		{96039E0A-3D24-4D79-A5AC-5E783EF637EE}.Release|x64.Build.0 = Release|x64
		{96039E0A-3D24-4D79-A5AC-5E783EF637EE}.Release|x86.ActiveCfg = Release|Win32
		{96039E0A-3D24-4D79-A5AC-5E783EF637EE}.Release|x86.Build.0 = Release|Win32
		{B5621124-EE5D-423A-97DA-2815E2A54220}.Debug|x64.ActiveCfg = Debug|x64
		{B5621124-EE5D-423A-97DA-2815E2A54220}.Debug|x64.Build.0 = Debug|x64
		{B5621124-EE5D-423A-97DA-2815E2A54220}.Debug|x86.ActiveCfg = Debug|Win32
		{B5621124-EE5D-423A-97DA-2815E2A54220}.Debug|x86.Build.0 = Debug|Win32
		{B5621124-EE5D-423A-97DA-2815E2A54220}.Release|x64.ActiveCfg = Release|x64
		{B5621124-EE5D-423A-97DA-2815E2A54220}.Release|x64.Build.0 = Release|x64
		{B5621124-EE5D-423A-97DA-2815E2A54220}.Release|x86.ActiveCfg = Release|Win32
		{B5621124-EE5D-423A-97DA-2815E2A54220}.Release|x86.Build.0 = Release|Win32
		{133E6F12-451C-4984-A308-BF2D4F1A6189}.Debug|x64.ActiveCfg = Debug|x64
		{133E6F12-451C-4984-A308-BF2D4F1A6189}.Debug|x64.Build.0 = Debug|x64
		{133E6F12-451C-4984-A308-BF2D4F1A6189}.Debug|x86.ActiveCfg = Debug|Win32
		{133E6F12-451C-4984-A308-BF2D4F1A6189}.Debug|x86.Build.0 = Debug|Win32
		{133E6F12-451C-4984-A308-BF2D4F1A6189}.Release|x64.ActiveCfg = Release|x64
		{133E6F12-451C-4984-A308-BF2D4F1A6189}.Release|x64.Build.0 = Release|x64
		{133E6F12-451C-4984-A308-BF2D4F1A6189}.Release|x86.ActiveCfg = Release|Win32
		{133E6F12-451C-4984-A308-BF2D4F1A6189}.Release|x86.Build.0 = Release|Win32
	EndGlobalSection
	GlobalSection(SolutionProperties) = preSolution
		HideSolutionNode = FALSE
	EndGlobalSection
	GlobalSection(ExtensibilityGlobals) = postSolution
		SolutionGuid = {A16FCAA4-4DD5-4A01-88CB-DCBBFF2DD09A}
	EndGlobalSection
EndGlobal
